
Microsoft Visual Studio Solution File, Format Version 12.00
# Visual Studio Version 16
VisualStudioVersion = 16.0.30204.135
MinimumVisualStudioVersion = 10.0.40219.1
Project("{FAE04EC0-301F-11D3-BF4B-00C04F79EFBC}") = "GvCaller", "GvCaller\GvCaller.csproj", "{DEB3A9E1-F0AA-41A3-AF2B-5513FCC3A7A1}"
EndProject
Project("{8BC9CEB8-8B4A-11D0-8D11-00A0C91BC942}") = "CCHVAPI", "..\CCHVAPI_Ethernet\CCHVAPI\CCHVAPI.vcxproj", "{A8B5F764-E843-463A-AA60-A182F9F46074}"
EndProject
Global
	GlobalSection(SolutionConfigurationPlatforms) = preSolution
		Debug|Mixed Platforms = Debug|Mixed Platforms
		Debug|Win32 = Debug|Win32
		Debug|x64 = Debug|x64
		Debug|x86 = Debug|x86
		Release|Mixed Platforms = Release|Mixed Platforms
		Release|Win32 = Release|Win32
		Release|x64 = Release|x64
		Release|x86 = Release|x86
	EndGlobalSection
	GlobalSection(ProjectConfigurationPlatforms) = postSolution
		{DEB3A9E1-F0AA-41A3-AF2B-5513FCC3A7A1}.Debug|Mixed Platforms.ActiveCfg = Debug|x86
		{DEB3A9E1-F0AA-41A3-AF2B-5513FCC3A7A1}.Debug|Mixed Platforms.Build.0 = Debug|x86
		{DEB3A9E1-F0AA-41A3-AF2B-5513FCC3A7A1}.Debug|Win32.ActiveCfg = Debug|x86
		{DEB3A9E1-F0AA-41A3-AF2B-5513FCC3A7A1}.Debug|x64.ActiveCfg = Debug|x64
		{DEB3A9E1-F0AA-41A3-AF2B-5513FCC3A7A1}.Debug|x86.ActiveCfg = Debug|x86
		{DEB3A9E1-F0AA-41A3-AF2B-5513FCC3A7A1}.Debug|x86.Build.0 = Debug|x86
		{DEB3A9E1-F0AA-41A3-AF2B-5513FCC3A7A1}.Release|Mixed Platforms.ActiveCfg = Release|x86
		{DEB3A9E1-F0AA-41A3-AF2B-5513FCC3A7A1}.Release|Mixed Platforms.Build.0 = Release|x86
		{DEB3A9E1-F0AA-41A3-AF2B-5513FCC3A7A1}.Release|Win32.ActiveCfg = Release|x86
		{DEB3A9E1-F0AA-41A3-AF2B-5513FCC3A7A1}.Release|x64.ActiveCfg = Release|x86
		{DEB3A9E1-F0AA-41A3-AF2B-5513FCC3A7A1}.Release|x86.ActiveCfg = Release|x86
		{DEB3A9E1-F0AA-41A3-AF2B-5513FCC3A7A1}.Release|x86.Build.0 = Release|x86
		{A8B5F764-E843-463A-AA60-A182F9F46074}.Debug|Mixed Platforms.ActiveCfg = Debug|Win32
		{A8B5F764-E843-463A-AA60-A182F9F46074}.Debug|Mixed Platforms.Build.0 = Debug|Win32
		{A8B5F764-E843-463A-AA60-A182F9F46074}.Debug|Win32.ActiveCfg = Debug|Win32
		{A8B5F764-E843-463A-AA60-A182F9F46074}.Debug|Win32.Build.0 = Debug|Win32
		{A8B5F764-E843-463A-AA60-A182F9F46074}.Debug|x64.ActiveCfg = Debug|x64
		{A8B5F764-E843-463A-AA60-A182F9F46074}.Debug|x64.Build.0 = Debug|x64
		{A8B5F764-E843-463A-AA60-A182F9F46074}.Debug|x86.ActiveCfg = Debug|Win32
		{A8B5F764-E843-463A-AA60-A182F9F46074}.Debug|x86.Build.0 = Debug|Win32
		{A8B5F764-E843-463A-AA60-A182F9F46074}.Release|Mixed Platforms.ActiveCfg = Release|Win32
		{A8B5F764-E843-463A-AA60-A182F9F46074}.Release|Mixed Platforms.Build.0 = Release|Win32
		{A8B5F764-E843-463A-AA60-A182F9F46074}.Release|Win32.ActiveCfg = Release|Win32
		{A8B5F764-E843-463A-AA60-A182F9F46074}.Release|Win32.Build.0 = Release|Win32
		{A8B5F764-E843-463A-AA60-A182F9F46074}.Release|x64.ActiveCfg = Release|x64
		{A8B5F764-E843-463A-AA60-A182F9F46074}.Release|x64.Build.0 = Release|x64
		{A8B5F764-E843-463A-AA60-A182F9F46074}.Release|x86.ActiveCfg = Release|Win32
		{A8B5F764-E843-463A-AA60-A182F9F46074}.Release|x86.Build.0 = Release|Win32
	EndGlobalSection
	GlobalSection(SolutionProperties) = preSolution
		HideSolutionNode = FALSE
	EndGlobalSection
	GlobalSection(ExtensibilityGlobals) = postSolution
		SolutionGuid = {2A956CAD-BA6E-4F11-8605-7E973C7BF146}
	EndGlobalSection
EndGlobal
